PODS:
  - AppAuth (1.7.6):
    - AppAuth/Core (= 1.7.6)
    - AppAuth/ExternalUserAgent (= 1.7.6)
  - AppAuth/Core (1.7.6)
  - AppAuth/ExternalUserAgent (1.7.6):
    - AppAuth/Core
  - AppCheckCore (11.2.0):
    - GoogleUtilities/Environment (~> 8.0)
    - GoogleUtilities/UserDefaults (~> 8.0)
    - PromisesObjC (~> 2.4)
  - Flutter (1.0.0)
  - flutter_image_compress_common (1.0.0):
    - Flutter
    - Mantle
    - SDWebImage
    - SDWebImageWebPCoder
  - flutter_inappwebview_ios (0.0.1):
    - Flutter
    - flutter_inappwebview_ios/Core (= 0.0.1)
    - OrderedSet (~> 6.0.3)
  - flutter_inappwebview_ios/Core (0.0.1):
    - Flutter
    - OrderedSet (~> 6.0.3)
  - flutter_rotation_sensor (0.0.1):
    - Flutter
  - fluttertoast (0.0.2):
    - Flutter
  - Google-Maps-iOS-Utils (6.1.0):
    - GoogleMaps (~> 9.0)
  - google_maps_flutter_ios (0.0.1):
    - Flutter
    - Google-Maps-iOS-Utils (< 7.0, >= 5.0)
    - GoogleMaps (< 10.0, >= 8.4)
  - GoogleMaps (9.4.0):
    - GoogleMaps/Maps (= 9.4.0)
  - GoogleMaps/Maps (9.4.0)
  - GoogleSignIn (8.0.0):
    - AppAuth (< 2.0, >= 1.7.3)
    - AppCheckCore (~> 11.0)
    - GTMAppAuth (< 5.0, >= 4.1.1)
    - GTMSessionFetcher/Core (~> 3.3)
  - GoogleUtilities/Environment (8.1.0):
    - GoogleUtilities/Privacy
  - GoogleUtilities/Logger (8.1.0):
    - GoogleUtilities/Environment
    - GoogleUtilities/Privacy
  - GoogleUtilities/Privacy (8.1.0)
  - GoogleUtilities/UserDefaults (8.1.0):
    - GoogleUtilities/Logger
    - GoogleUtilities/Privacy
  - GTMAppAuth (4.1.1):
    - AppAuth/Core (~> 1.7)
    - GTMSessionFetcher/Core (< 4.0, >= 3.3)
  - GTMSessionFetcher/Core (3.5.0)
  - libwebp (1.5.0):
    - libwebp/demux (= 1.5.0)
    - libwebp/mux (= 1.5.0)
    - libwebp/sharpyuv (= 1.5.0)
    - libwebp/webp (= 1.5.0)
  - libwebp/demux (1.5.0):
    - libwebp/webp
  - libwebp/mux (1.5.0):
    - libwebp/demux
  - libwebp/sharpyuv (1.5.0)
  - libwebp/webp (1.5.0):
    - libwebp/sharpyuv
  - Mantle (2.2.0):
    - Mantle/extobjc (= 2.2.0)
  - Mantle/extobjc (2.2.0)
  - moyasar (0.0.1):
    - Flutter
  - native_device_orientation (0.0.1):
    - Flutter
  - NWWebSocket (0.5.7)
  - open_file_ios (0.0.1):
    - Flutter
  - OrderedSet (6.0.3)
  - pay_ios (0.0.1):
    - Flutter
  - permission_handler_apple (9.3.0):
    - Flutter
  - PromisesObjC (2.4.0)
  - pusher_channels_flutter (0.0.1):
    - Flutter
    - PusherSwift (~> 10.1.5)
  - PusherSwift (10.1.6):
    - NWWebSocket (~> 0.5.7)
    - TweetNacl (~> 1.0.0)
  - rive_common (0.0.1):
    - Flutter
  - SDWebImage (5.21.2):
    - SDWebImage/Core (= 5.21.2)
  - SDWebImage/Core (5.21.2)
  - SDWebImageWebPCoder (0.14.6):
    - libwebp (~> 1.0)
    - SDWebImage/Core (~> 5.17)
  - the_apple_sign_in (1.0.0):
    - Flutter
  - TweetNacl (1.0.2)
  - video_thumbnail (0.0.1):
    - Flutter
    - libwebp

DEPENDENCIES:
  - Flutter (from `Flutter`)
  - flutter_image_compress_common (from `.symlinks/plugins/flutter_image_compress_common/ios`)
  - flutter_inappwebview_ios (from `.symlinks/plugins/flutter_inappwebview_ios/ios`)
  - flutter_rotation_sensor (from `.symlinks/plugins/flutter_rotation_sensor/ios`)
  - fluttertoast (from `.symlinks/plugins/fluttertoast/ios`)
  - google_maps_flutter_ios (from `.symlinks/plugins/google_maps_flutter_ios/ios`)
  - GoogleSignIn (~> 8.0)
  - moyasar (from `.symlinks/plugins/moyasar/ios`)
  - native_device_orientation (from `.symlinks/plugins/native_device_orientation/ios`)
  - open_file_ios (from `.symlinks/plugins/open_file_ios/ios`)
  - pay_ios (from `.symlinks/plugins/pay_ios/ios`)
  - permission_handler_apple (from `.symlinks/plugins/permission_handler_apple/ios`)
  - pusher_channels_flutter (from `.symlinks/plugins/pusher_channels_flutter/ios`)
  - rive_common (from `.symlinks/plugins/rive_common/ios`)
  - the_apple_sign_in (from `.symlinks/plugins/the_apple_sign_in/ios`)
  - video_thumbnail (from `.symlinks/plugins/video_thumbnail/ios`)

SPEC REPOS:
  https://github.com/CocoaPods/Specs.git:
    - AppAuth
    - AppCheckCore
    - Google-Maps-iOS-Utils
    - GoogleMaps
    - GoogleSignIn
    - GoogleUtilities
    - GTMAppAuth
    - GTMSessionFetcher
    - libwebp
    - Mantle
    - NWWebSocket
    - OrderedSet
    - PromisesObjC
    - PusherSwift
    - SDWebImage
    - SDWebImageWebPCoder
    - TweetNacl

EXTERNAL SOURCES:
  Flutter:
    :path: Flutter
  flutter_image_compress_common:
    :path: ".symlinks/plugins/flutter_image_compress_common/ios"
  flutter_inappwebview_ios:
    :path: ".symlinks/plugins/flutter_inappwebview_ios/ios"
  flutter_rotation_sensor:
    :path: ".symlinks/plugins/flutter_rotation_sensor/ios"
  fluttertoast:
    :path: ".symlinks/plugins/fluttertoast/ios"
  google_maps_flutter_ios:
    :path: ".symlinks/plugins/google_maps_flutter_ios/ios"
  moyasar:
    :path: ".symlinks/plugins/moyasar/ios"
  native_device_orientation:
    :path: ".symlinks/plugins/native_device_orientation/ios"
  open_file_ios:
    :path: ".symlinks/plugins/open_file_ios/ios"
  pay_ios:
    :path: ".symlinks/plugins/pay_ios/ios"
  permission_handler_apple:
    :path: ".symlinks/plugins/permission_handler_apple/ios"
  pusher_channels_flutter:
    :path: ".symlinks/plugins/pusher_channels_flutter/ios"
  rive_common:
    :path: ".symlinks/plugins/rive_common/ios"
  the_apple_sign_in:
    :path: ".symlinks/plugins/the_apple_sign_in/ios"
  video_thumbnail:
    :path: ".symlinks/plugins/video_thumbnail/ios"

SPEC CHECKSUMS:
  AppAuth: d4f13a8fe0baf391b2108511793e4b479691fb73
  AppCheckCore: cc8fd0a3a230ddd401f326489c99990b013f0c4f
  Flutter: e0871f40cf51350855a761d2e70bf5af5b9b5de7
  flutter_image_compress_common: ec1d45c362c9d30a3f6a0426c297f47c52007e3e
  flutter_inappwebview_ios: 6f63631e2c62a7c350263b13fa5427aedefe81d4
  flutter_rotation_sensor: f37d8d24050572029bdd2d55a93e0f334e2eeac6
  fluttertoast: 21eecd6935e7064cc1fcb733a4c5a428f3f24f0f
  Google-Maps-iOS-Utils: 0a484b05ed21d88c9f9ebbacb007956edd508a96
  google_maps_flutter_ios: e31555a04d1986ab130f2b9f24b6cdc861acc6d3
  GoogleMaps: 0608099d4870cac8754bdba9b6953db543432438
  GoogleSignIn: ce8c89bb9b37fb624b92e7514cc67335d1e277e4
  GoogleUtilities: 00c88b9a86066ef77f0da2fab05f65d7768ed8e1
  GTMAppAuth: f69bd07d68cd3b766125f7e072c45d7340dea0de
  GTMSessionFetcher: 5aea5ba6bd522a239e236100971f10cb71b96ab6
  libwebp: 02b23773aedb6ff1fd38cec7a77b81414c6842a8
  Mantle: c5aa8794a29a022dfbbfc9799af95f477a69b62d
  moyasar: 9fc63e13fcbf917c64cc618c30f0f66ce25f3e52
  native_device_orientation: 348b10c346a60ebbc62fb235a4fdb5d1b61a8f55
  NWWebSocket: b4741420f1976e1dff4da3edad00c401e4f1d769
  open_file_ios: 461db5853723763573e140de3193656f91990d9e
  OrderedSet: e539b66b644ff081c73a262d24ad552a69be3a94
  pay_ios: 8c7beb9c61d885f3f51b61f75f8793023fc8843a
  permission_handler_apple: 9878588469a2b0d0fc1e048d9f43605f92e6cec2
  PromisesObjC: f5707f49cb48b9636751c5b2e7d227e43fba9f47
  pusher_channels_flutter: 01297e6e420e0ad61a6e5901e27bb272a6f58ec2
  PusherSwift: fa3d5f6587c20ad5790de87a5c9b150367b5f0f5
  rive_common: 4743dbfd2911c99066547a3c6454681e0fa907df
  SDWebImage: 9f177d83116802728e122410fb25ad88f5c7608a
  SDWebImageWebPCoder: e38c0a70396191361d60c092933e22c20d5b1380
  the_apple_sign_in: 2e78c83cdb09eba07bb16dcc1f3bc12fcdc8263d
  TweetNacl: 3abf4d1d2082b0114e7a67410e300892448951e6
  video_thumbnail: c4e2a3c539e247d4de13cd545344fd2d26ffafd1

PODFILE CHECKSUM: 5214ccc31f9caa33d41bad04521a85fc24724f1a

COCOAPODS: 1.16.2
